// !$*UTF8*$!
{
	archiveVersion = 1;
	classes = {
	};
	objectVersion = 52;
	objects = {

/* Begin PBXBuildFile section */
		062EAC1F26D62FE700A4E92E /* Items.swift in Sources */ = {isa = PBXBuildFile; fileRef = 062EAC1E26D62FE700A4E92E /* Items.swift */; };
		062EAC2126D6A21600A4E92E /* ItemView.swift in Sources */ = {isa = PBXBuildFile; fileRef = 062EAC2026D6A21600A4E92E /* ItemView.swift */; };
		068BDCC826D2A848003DE847 /* FoodAppApp.swift in Sources */ = {isa = PBXBuildFile; fileRef = 068BDCC726D2A848003DE847 /* FoodAppApp.swift */; };
		068BDCCA26D2A848003DE847 /* ContentView.swift in Sources */ = {isa = PBXBuildFile; fileRef = 068BDCC926D2A848003DE847 /* ContentView.swift */; };
		068BDCCC26D2A84A003DE847 /* Assets.xcassets in Resources */ = {isa = PBXBuildFile; fileRef = 068BDCCB26D2A84A003DE847 /* Assets.xcassets */; };
		068BDCCF26D2A84A003DE847 /* Preview Assets.xcassets in Resources */ = {isa = PBXBuildFile; fileRef = 068BDCCE26D2A84A003DE847 /* Preview Assets.xcassets */; };
		068BDCDA26D2A84A003DE847 /* FoodAppTests.swift in Sources */ = {isa = PBXBuildFile; fileRef = 068BDCD926D2A84A003DE847 /* FoodAppTests.swift */; };
		068BDCE526D2A84A003DE847 /* FoodAppUITests.swift in Sources */ = {isa = PBXBuildFile; fileRef = 068BDCE426D2A84A003DE847 /* FoodAppUITests.swift */; };
		06A46DCB26D329E200167407 /* HomeViewModel.swift in Sources */ = {isa = PBXBuildFile; fileRef = 06A46DCA26D329E200167407 /* HomeViewModel.swift */; };
		06A46DCD26D329F000167407 /* Home.swift in Sources */ = {isa = PBXBuildFile; fileRef = 06A46DCC26D329F000167407 /* Home.swift */; };
		06B9E6B626D8783800F406BF /* SDWebImageSwiftUI in Frameworks */ = {isa = PBXBuildFile; productRef = 06B9E6B526D8783800F406BF /* SDWebImageSwiftUI */; };
		06B9E6B826D87B6200F406BF /* GoogleService-Info.plist in Resources */ = {isa = PBXBuildFile; fileRef = 06B9E6B726D87B6200F406BF /* GoogleService-Info.plist */; };
		06D5354A26D4A20200CB5F0C /* Menu.swift in Sources */ = {isa = PBXBuildFile; fileRef = 06D5354926D4A20200CB5F0C /* Menu.swift */; };
		8B5C4B44B7024F1B51F1373C /* Pods_FoodApp_FoodAppUITests.framework in Frameworks */ = {isa = PBXBuildFile; fileRef = 0B6333965C1216A964844FF3 /* Pods_FoodApp_FoodAppUITests.framework */; };
		B898D17DDA5E857262754259 /* Pods_FoodApp.framework in Frameworks */ = {isa = PBXBuildFile; fileRef = D4C78C98035370D1F6D55ADD /* Pods_FoodApp.framework */; };
		DE98B6E3752725E10B622363 /* Pods_FoodAppTests.framework in Frameworks */ = {isa = PBXBuildFile; fileRef = 01FF5F83CFD3642BBA96B419 /* Pods_FoodAppTests.framework */; };
/* End PBXBuildFile section */

/* Begin PBXContainerItemProxy section */
		068BDCD626D2A84A003DE847 /* PBXContainerItemProxy */ = {
			isa = PBXContainerItemProxy;
			containerPortal = 068BDCBC26D2A848003DE847 /* Project object */;
			proxyType = 1;
			remoteGlobalIDString = 068BDCC326D2A848003DE847;
			remoteInfo = FoodApp;
		};
		068BDCE126D2A84A003DE847 /* PBXContainerItemProxy */ = {
			isa = PBXContainerItemProxy;
			containerPortal = 068BDCBC26D2A848003DE847 /* Project object */;
			proxyType = 1;
			remoteGlobalIDString = 068BDCC326D2A848003DE847;
			remoteInfo = FoodApp;
		};
/* End PBXContainerItemProxy section */

/* Begin PBXFileReference section */
		01FF5F83CFD3642BBA96B419 /* Pods_FoodAppTests.framework */ = {isa = PBXFileReference; explicitFileType = wrapper.framework; includeInIndex = 0; path = Pods_FoodAppTests.framework; sourceTree = BUILT_PRODUCTS_DIR; };
		062EAC1E26D62FE700A4E92E /* Items.swift */ = {isa = PBXFileReference; lastKnownFileType = sourcecode.swift; path = Items.swift; sourceTree = "<group>"; };
		062EAC2026D6A21600A4E92E /* ItemView.swift */ = {isa = PBXFileReference; lastKnownFileType = sourcecode.swift; path = ItemView.swift; sourceTree = "<group>"; };
		068BDCC426D2A848003DE847 /* FoodApp.app */ = {isa = PBXFileReference; explicitFileType = wrapper.application; includeInIndex = 0; path = FoodApp.app; sourceTree = BUILT_PRODUCTS_DIR; };
		068BDCC726D2A848003DE847 /* FoodAppApp.swift */ = {isa = PBXFileReference; lastKnownFileType = sourcecode.swift; path = FoodAppApp.swift; sourceTree = "<group>"; };
		068BDCC926D2A848003DE847 /* ContentView.swift */ = {isa = PBXFileReference; lastKnownFileType = sourcecode.swift; path = ContentView.swift; sourceTree = "<group>"; };
		068BDCCB26D2A84A003DE847 /* Assets.xcassets */ = {isa = PBXFileReference; lastKnownFileType = folder.assetcatalog; path = Assets.xcassets; sourceTree = "<group>"; };
		068BDCCE26D2A84A003DE847 /* Preview Assets.xcassets */ = {isa = PBXFileReference; lastKnownFileType = folder.assetcatalog; path = "Preview Assets.xcassets"; sourceTree = "<group>"; };
		068BDCD026D2A84A003DE847 /* Info.plist */ = {isa = PBXFileReference; lastKnownFileType = text.plist.xml; path = Info.plist; sourceTree = "<group>"; };
		068BDCD526D2A84A003DE847 /* FoodAppTests.xctest */ = {isa = PBXFileReference; explicitFileType = wrapper.cfbundle; includeInIndex = 0; path = FoodAppTests.xctest; sourceTree = BUILT_PRODUCTS_DIR; };
		068BDCD926D2A84A003DE847 /* FoodAppTests.swift */ = {isa = PBXFileReference; lastKnownFileType = sourcecode.swift; path = FoodAppTests.swift; sourceTree = "<group>"; };
		068BDCDB26D2A84A003DE847 /* Info.plist */ = {isa = PBXFileReference; lastKnownFileType = text.plist.xml; path = Info.plist; sourceTree = "<group>"; };
		068BDCE026D2A84A003DE847 /* FoodAppUITests.xctest */ = {isa = PBXFileReference; explicitFileType = wrapper.cfbundle; includeInIndex = 0; path = FoodAppUITests.xctest; sourceTree = BUILT_PRODUCTS_DIR; };
		068BDCE426D2A84A003DE847 /* FoodAppUITests.swift */ = {isa = PBXFileReference; lastKnownFileType = sourcecode.swift; path = FoodAppUITests.swift; sourceTree = "<group>"; };
		068BDCE626D2A84A003DE847 /* Info.plist */ = {isa = PBXFileReference; lastKnownFileType = text.plist.xml; path = Info.plist; sourceTree = "<group>"; };
		06A46DCA26D329E200167407 /* HomeViewModel.swift */ = {isa = PBXFileReference; lastKnownFileType = sourcecode.swift; path = HomeViewModel.swift; sourceTree = "<group>"; };
		06A46DCC26D329F000167407 /* Home.swift */ = {isa = PBXFileReference; lastKnownFileType = sourcecode.swift; path = Home.swift; sourceTree = "<group>"; };
		06B9E6B726D87B6200F406BF /* GoogleService-Info.plist */ = {isa = PBXFileReference; fileEncoding = 4; lastKnownFileType = text.plist.xml; path = "GoogleService-Info.plist"; sourceTree = "<group>"; };
		06D5354926D4A20200CB5F0C /* Menu.swift */ = {isa = PBXFileReference; lastKnownFileType = sourcecode.swift; path = Menu.swift; sourceTree = "<group>"; };
		0B6333965C1216A964844FF3 /* Pods_FoodApp_FoodAppUITests.framework */ = {isa = PBXFileReference; explicitFileType = wrapper.framework; includeInIndex = 0; path = Pods_FoodApp_FoodAppUITests.framework; sourceTree = BUILT_PRODUCTS_DIR; };
		162ECDD3C4D9563DEAA91493 /* Pods-FoodApp-FoodAppUITests.debug.xcconfig */ = {isa = PBXFileReference; includeInIndex = 1; lastKnownFileType = text.xcconfig; name = "Pods-FoodApp-FoodAppUITests.debug.xcconfig"; path = "Target Support Files/Pods-FoodApp-FoodAppUITests/Pods-FoodApp-FoodAppUITests.debug.xcconfig"; sourceTree = "<group>"; };
		236BDF5DCE3F8D618B1828BA /* Pods-FoodApp.release.xcconfig */ = {isa = PBXFileReference; includeInIndex = 1; lastKnownFileType = text.xcconfig; name = "Pods-FoodApp.release.xcconfig"; path = "Target Support Files/Pods-FoodApp/Pods-FoodApp.release.xcconfig"; sourceTree = "<group>"; };
		4CF04F2E8931DCFE679A6498 /* Pods-FoodApp-FoodAppUITests.release.xcconfig */ = {isa = PBXFileReference; includeInIndex = 1; lastKnownFileType = text.xcconfig; name = "Pods-FoodApp-FoodAppUITests.release.xcconfig"; path = "Target Support Files/Pods-FoodApp-FoodAppUITests/Pods-FoodApp-FoodAppUITests.release.xcconfig"; sourceTree = "<group>"; };
		8E91CE1654F916E1C4273776 /* Pods-FoodApp.debug.xcconfig */ = {isa = PBXFileReference; includeInIndex = 1; lastKnownFileType = text.xcconfig; name = "Pods-FoodApp.debug.xcconfig"; path = "Target Support Files/Pods-FoodApp/Pods-FoodApp.debug.xcconfig"; sourceTree = "<group>"; };
		B4F417DCEA810F9A6669299C /* Pods-FoodAppTests.debug.xcconfig */ = {isa = PBXFileReference; includeInIndex = 1; lastKnownFileType = text.xcconfig; name = "Pods-FoodAppTests.debug.xcconfig"; path = "Target Support Files/Pods-FoodAppTests/Pods-FoodAppTests.debug.xcconfig"; sourceTree = "<group>"; };
		D4C78C98035370D1F6D55ADD /* Pods_FoodApp.framework */ = {isa = PBXFileReference; explicitFileType = wrapper.framework; includeInIndex = 0; path = Pods_FoodApp.framework; sourceTree = BUILT_PRODUCTS_DIR; };
		F50073E44A726C72B16EE96B /* Pods-FoodAppTests.release.xcconfig */ = {isa = PBXFileReference; includeInIndex = 1; lastKnownFileType = text.xcconfig; name = "Pods-FoodAppTests.release.xcconfig"; path = "Target Support Files/Pods-FoodAppTests/Pods-FoodAppTests.release.xcconfig"; sourceTree = "<group>"; };
/* End PBXFileReference section */

/* Begin PBXFrameworksBuildPhase section */
		068BDCC126D2A848003DE847 /* Frameworks */ = {
			isa = PBXFrameworksBuildPhase;
			buildActionMask = 2147483647;
			files = (
				06B9E6B626D8783800F406BF /* SDWebImageSwiftUI in Frameworks */,
				B898D17DDA5E857262754259 /* Pods_FoodApp.framework in Frameworks */,
			);
			runOnlyForDeploymentPostprocessing = 0;
		};
		068BDCD226D2A84A003DE847 /* Frameworks */ = {
			isa = PBXFrameworksBuildPhase;
			buildActionMask = 2147483647;
			files = (
				DE98B6E3752725E10B622363 /* Pods_FoodAppTests.framework in Frameworks */,
			);
			runOnlyForDeploymentPostprocessing = 0;
		};
		068BDCDD26D2A84A003DE847 /* Frameworks */ = {
			isa = PBXFrameworksBuildPhase;
			buildActionMask = 2147483647;
			files = (
				8B5C4B44B7024F1B51F1373C /* Pods_FoodApp_FoodAppUITests.framework in Frameworks */,
			);
			runOnlyForDeploymentPostprocessing = 0;
		};
/* End PBXFrameworksBuildPhase section */

/* Begin PBXGroup section */
		0634FCBB26D2B38700017D28 /* View */ = {
			isa = PBXGroup;
			children = (
				06A46DCC26D329F000167407 /* Home.swift */,
				06D5354926D4A20200CB5F0C /* Menu.swift */,
				062EAC2026D6A21600A4E92E /* ItemView.swift */,
			);
			path = View;
			sourceTree = "<group>";
		};
		068BDCBB26D2A848003DE847 = {
			isa = PBXGroup;
			children = (
				068BDCC626D2A848003DE847 /* FoodApp */,
				068BDCD826D2A84A003DE847 /* FoodAppTests */,
				068BDCE326D2A84A003DE847 /* FoodAppUITests */,
				068BDCC526D2A848003DE847 /* Products */,
				C9ACCBF1F6070D2F8BA946AE /* Frameworks */,
				75C5DF21BC7E1CCBC944A8DC /* Pods */,
			);
			sourceTree = "<group>";
		};
		068BDCC526D2A848003DE847 /* Products */ = {
			isa = PBXGroup;
			children = (
				068BDCC426D2A848003DE847 /* FoodApp.app */,
				068BDCD526D2A84A003DE847 /* FoodAppTests.xctest */,
				068BDCE026D2A84A003DE847 /* FoodAppUITests.xctest */,
			);
			name = Products;
			sourceTree = "<group>";
		};
		068BDCC626D2A848003DE847 /* FoodApp */ = {
			isa = PBXGroup;
			children = (
				06A46DC926D3299800167407 /* ViewModel */,
				06A46DC826D3299100167407 /* Model */,
				0634FCBB26D2B38700017D28 /* View */,
				068BDCC726D2A848003DE847 /* FoodAppApp.swift */,
				068BDCC926D2A848003DE847 /* ContentView.swift */,
				068BDCCB26D2A84A003DE847 /* Assets.xcassets */,
				068BDCD026D2A84A003DE847 /* Info.plist */,
				06B9E6B726D87B6200F406BF /* GoogleService-Info.plist */,
				068BDCCD26D2A84A003DE847 /* Preview Content */,
			);
			path = FoodApp;
			sourceTree = "<group>";
		};
		068BDCCD26D2A84A003DE847 /* Preview Content */ = {
			isa = PBXGroup;
			children = (
				068BDCCE26D2A84A003DE847 /* Preview Assets.xcassets */,
			);
			path = "Preview Content";
			sourceTree = "<group>";
		};
		068BDCD826D2A84A003DE847 /* FoodAppTests */ = {
			isa = PBXGroup;
			children = (
				068BDCD926D2A84A003DE847 /* FoodAppTests.swift */,
				068BDCDB26D2A84A003DE847 /* Info.plist */,
			);
			path = FoodAppTests;
			sourceTree = "<group>";
		};
		068BDCE326D2A84A003DE847 /* FoodAppUITests */ = {
			isa = PBXGroup;
			children = (
				068BDCE426D2A84A003DE847 /* FoodAppUITests.swift */,
				068BDCE626D2A84A003DE847 /* Info.plist */,
			);
			path = FoodAppUITests;
			sourceTree = "<group>";
		};
		06A46DC826D3299100167407 /* Model */ = {
			isa = PBXGroup;
			children = (
				062EAC1E26D62FE700A4E92E /* Items.swift */,
			);
			path = Model;
			sourceTree = "<group>";
		};
		06A46DC926D3299800167407 /* ViewModel */ = {
			isa = PBXGroup;
			children = (
				06A46DCA26D329E200167407 /* HomeViewModel.swift */,
			);
			path = ViewModel;
			sourceTree = "<group>";
		};
		75C5DF21BC7E1CCBC944A8DC /* Pods */ = {
			isa = PBXGroup;
			children = (
				8E91CE1654F916E1C4273776 /* Pods-FoodApp.debug.xcconfig */,
				236BDF5DCE3F8D618B1828BA /* Pods-FoodApp.release.xcconfig */,
				162ECDD3C4D9563DEAA91493 /* Pods-FoodApp-FoodAppUITests.debug.xcconfig */,
				4CF04F2E8931DCFE679A6498 /* Pods-FoodApp-FoodAppUITests.release.xcconfig */,
				B4F417DCEA810F9A6669299C /* Pods-FoodAppTests.debug.xcconfig */,
				F50073E44A726C72B16EE96B /* Pods-FoodAppTests.release.xcconfig */,
			);
			path = Pods;
			sourceTree = "<group>";
		};
		C9ACCBF1F6070D2F8BA946AE /* Frameworks */ = {
			isa = PBXGroup;
			children = (
				D4C78C98035370D1F6D55ADD /* Pods_FoodApp.framework */,
				0B6333965C1216A964844FF3 /* Pods_FoodApp_FoodAppUITests.framework */,
				01FF5F83CFD3642BBA96B419 /* Pods_FoodAppTests.framework */,
			);
			name = Frameworks;
			sourceTree = "<group>";
		};
/* End PBXGroup section */

/* Begin PBXNativeTarget section */
		068BDCC326D2A848003DE847 /* FoodApp */ = {
			isa = PBXNativeTarget;
			buildConfigurationList = 068BDCE926D2A84A003DE847 /* Build configuration list for PBXNativeTarget "FoodApp" */;
			buildPhases = (
				5E09E354596765F55F1561CE /* [CP] Check Pods Manifest.lock */,
				068BDCC026D2A848003DE847 /* Sources */,
				068BDCC126D2A848003DE847 /* Frameworks */,
				068BDCC226D2A848003DE847 /* Resources */,
				6EF7A21850A4F621B9BEF90F /* [CP] Embed Pods Frameworks */,
			);
			buildRules = (
			);
			dependencies = (
			);
			name = FoodApp;
			packageProductDependencies = (
				06B9E6B526D8783800F406BF /* SDWebImageSwiftUI */,
			);
			productName = FoodApp;
			productReference = 068BDCC426D2A848003DE847 /* FoodApp.app */;
			productType = "com.apple.product-type.application";
		};
		068BDCD426D2A84A003DE847 /* FoodAppTests */ = {
			isa = PBXNativeTarget;
			buildConfigurationList = 068BDCEC26D2A84A003DE847 /* Build configuration list for PBXNativeTarget "FoodAppTests" */;
			buildPhases = (
				2BCBCFCCDE39F5BCF2E4FBC3 /* [CP] Check Pods Manifest.lock */,
				068BDCD126D2A84A003DE847 /* Sources */,
				068BDCD226D2A84A003DE847 /* Frameworks */,
				068BDCD326D2A84A003DE847 /* Resources */,
			);
			buildRules = (
			);
			dependencies = (
				068BDCD726D2A84A003DE847 /* PBXTargetDependency */,
			);
			name = FoodAppTests;
			productName = FoodAppTests;
			productReference = 068BDCD526D2A84A003DE847 /* FoodAppTests.xctest */;
			productType = "com.apple.product-type.bundle.unit-test";
		};
		068BDCDF26D2A84A003DE847 /* FoodAppUITests */ = {
			isa = PBXNativeTarget;
			buildConfigurationList = 068BDCEF26D2A84A003DE847 /* Build configuration list for PBXNativeTarget "FoodAppUITests" */;
			buildPhases = (
				BF3AD89EF7DC45026115C397 /* [CP] Check Pods Manifest.lock */,
				068BDCDC26D2A84A003DE847 /* Sources */,
				068BDCDD26D2A84A003DE847 /* Frameworks */,
				068BDCDE26D2A84A003DE847 /* Resources */,
				D26F291081B7C13FA0230A62 /* [CP] Embed Pods Frameworks */,
			);
			buildRules = (
			);
			dependencies = (
				068BDCE226D2A84A003DE847 /* PBXTargetDependency */,
			);
			name = FoodAppUITests;
			productName = FoodAppUITests;
			productReference = 068BDCE026D2A84A003DE847 /* FoodAppUITests.xctest */;
			productType = "com.apple.product-type.bundle.ui-testing";
		};
/* End PBXNativeTarget section */

/* Begin PBXProject section */
		068BDCBC26D2A848003DE847 /* Project object */ = {
			isa = PBXProject;
			attributes = {
				LastSwiftUpdateCheck = 1250;
				LastUpgradeCheck = 1250;
				TargetAttributes = {
					068BDCC326D2A848003DE847 = {
						CreatedOnToolsVersion = 12.5.1;
					};
					068BDCD426D2A84A003DE847 = {
						CreatedOnToolsVersion = 12.5.1;
						TestTargetID = 068BDCC326D2A848003DE847;
					};
					068BDCDF26D2A84A003DE847 = {
						CreatedOnToolsVersion = 12.5.1;
						TestTargetID = 068BDCC326D2A848003DE847;
					};
				};
			};
			buildConfigurationList = 068BDCBF26D2A848003DE847 /* Build configuration list for PBXProject "FoodApp" */;
			compatibilityVersion = "Xcode 9.3";
			developmentRegion = en;
			hasScannedForEncodings = 0;
			knownRegions = (
				en,
				Base,
			);
			mainGroup = 068BDCBB26D2A848003DE847;
			packageReferences = (
				06B9E6B426D8783800F406BF /* XCRemoteSwiftPackageReference "SDWebImageSwiftUI" */,
			);
			productRefGroup = 068BDCC526D2A848003DE847 /* Products */;
			projectDirPath = "";
			projectRoot = "";
			targets = (
				068BDCC326D2A848003DE847 /* FoodApp */,
				068BDCD426D2A84A003DE847 /* FoodAppTests */,
				068BDCDF26D2A84A003DE847 /* FoodAppUITests */,
			);
		};
/* End PBXProject section */

/* Begin PBXResourcesBuildPhase section */
		068BDCC226D2A848003DE847 /* Resources */ = {
			isa = PBXResourcesBuildPhase;
			buildActionMask = 2147483647;
			files = (
				068BDCCF26D2A84A003DE847 /* Preview Assets.xcassets in Resources */,
				068BDCCC26D2A84A003DE847 /* Assets.xcassets in Resources */,
				06B9E6B826D87B6200F406BF /* GoogleService-Info.plist in Resources */,
			);
			runOnlyForDeploymentPostprocessing = 0;
		};
		068BDCD326D2A84A003DE847 /* Resources */ = {
			isa = PBXResourcesBuildPhase;
			buildActionMask = 2147483647;
			files = (
			);
			runOnlyForDeploymentPostprocessing = 0;
		};
		068BDCDE26D2A84A003DE847 /* Resources */ = {
			isa = PBXResourcesBuildPhase;
			buildActionMask = 2147483647;
			files = (
			);
			runOnlyForDeploymentPostprocessing = 0;
		};
/* End PBXResourcesBuildPhase section */

/* Begin PBXShellScriptBuildPhase section */
		2BCBCFCCDE39F5BCF2E4FBC3 /* [CP] Check Pods Manifest.lock */ = {
			isa = PBXShellScriptBuildPhase;
			buildActionMask = 2147483647;
			files = (
			);
			inputFileListPaths = (
			);
			inputPaths = (
				"${PODS_PODFILE_DIR_PATH}/Podfile.lock",
				"${PODS_ROOT}/Manifest.lock",
			);
			name = "[CP] Check Pods Manifest.lock";
			outputFileListPaths = (
			);
			outputPaths = (
				"$(DERIVED_FILE_DIR)/Pods-FoodAppTests-checkManifestLockResult.txt",
			);
			runOnlyForDeploymentPostprocessing = 0;
			shellPath = /bin/sh;
			shellScript = "diff \"${PODS_PODFILE_DIR_PATH}/Podfile.lock\" \"${PODS_ROOT}/Manifest.lock\" > /dev/null\nif [ $? != 0 ] ; then\n    # print error to STDERR\n    echo \"error: The sandbox is not in sync with the Podfile.lock. Run 'pod install' or update your CocoaPods installation.\" >&2\n    exit 1\nfi\n# This output is used by Xcode 'outputs' to avoid re-running this script phase.\necho \"SUCCESS\" > \"${SCRIPT_OUTPUT_FILE_0}\"\n";
			showEnvVarsInLog = 0;
		};
		5E09E354596765F55F1561CE /* [CP] Check Pods Manifest.lock */ = {
			isa = PBXShellScriptBuildPhase;
			buildActionMask = 2147483647;
			files = (
			);
			inputFileListPaths = (
			);
			inputPaths = (
				"${PODS_PODFILE_DIR_PATH}/Podfile.lock",
				"${PODS_ROOT}/Manifest.lock",
			);
			name = "[CP] Check Pods Manifest.lock";
			outputFileListPaths = (
			);
			outputPaths = (
				"$(DERIVED_FILE_DIR)/Pods-FoodApp-checkManifestLockResult.txt",
			);
			runOnlyForDeploymentPostprocessing = 0;
			shellPath = /bin/sh;
			shellScript = "diff \"${PODS_PODFILE_DIR_PATH}/Podfile.lock\" \"${PODS_ROOT}/Manifest.lock\" > /dev/null\nif [ $? != 0 ] ; then\n    # print error to STDERR\n    echo \"error: The sandbox is not in sync with the Podfile.lock. Run 'pod install' or update your CocoaPods installation.\" >&2\n    exit 1\nfi\n# This output is used by Xcode 'outputs' to avoid re-running this script phase.\necho \"SUCCESS\" > \"${SCRIPT_OUTPUT_FILE_0}\"\n";
			showEnvVarsInLog = 0;
		};
		6EF7A21850A4F621B9BEF90F /* [CP] Embed Pods Frameworks */ = {
			isa = PBXShellScriptBuildPhase;
			buildActionMask = 2147483647;
			files = (
			);
			inputFileListPaths = (
				"${PODS_ROOT}/Target Support Files/Pods-FoodApp/Pods-FoodApp-frameworks-${CONFIGURATION}-input-files.xcfilelist",
			);
			name = "[CP] Embed Pods Frameworks";
			outputFileListPaths = (
				"${PODS_ROOT}/Target Support Files/Pods-FoodApp/Pods-FoodApp-frameworks-${CONFIGURATION}-output-files.xcfilelist",
			);
			runOnlyForDeploymentPostprocessing = 0;
			shellPath = /bin/sh;
			shellScript = "\"${PODS_ROOT}/Target Support Files/Pods-FoodApp/Pods-FoodApp-frameworks.sh\"\n";
			showEnvVarsInLog = 0;
		};
		BF3AD89EF7DC45026115C397 /* [CP] Check Pods Manifest.lock */ = {
			isa = PBXShellScriptBuildPhase;
			buildActionMask = 2147483647;
			files = (
			);
			inputFileListPaths = (
			);
			inputPaths = (
				"${PODS_PODFILE_DIR_PATH}/Podfile.lock",
				"${PODS_ROOT}/Manifest.lock",
			);
			name = "[CP] Check Pods Manifest.lock";
			outputFileListPaths = (
			);
			outputPaths = (
				"$(DERIVED_FILE_DIR)/Pods-FoodApp-FoodAppUITests-checkManifestLockResult.txt",
			);
			runOnlyForDeploymentPostprocessing = 0;
			shellPath = /bin/sh;
			shellScript = "diff \"${PODS_PODFILE_DIR_PATH}/Podfile.lock\" \"${PODS_ROOT}/Manifest.lock\" > /dev/null\nif [ $? != 0 ] ; then\n    # print error to STDERR\n    echo \"error: The sandbox is not in sync with the Podfile.lock. Run 'pod install' or update your CocoaPods installation.\" >&2\n    exit 1\nfi\n# This output is used by Xcode 'outputs' to avoid re-running this script phase.\necho \"SUCCESS\" > \"${SCRIPT_OUTPUT_FILE_0}\"\n";
			showEnvVarsInLog = 0;
		};
		D26F291081B7C13FA0230A62 /* [CP] Embed Pods Frameworks */ = {
			isa = PBXShellScriptBuildPhase;
			buildActionMask = 2147483647;
			files = (
			);
			inputFileListPaths = (
				"${PODS_ROOT}/Target Support Files/Pods-FoodApp-FoodAppUITests/Pods-FoodApp-FoodAppUITests-frameworks-${CONFIGURATION}-input-files.xcfilelist",
			);
			name = "[CP] Embed Pods Frameworks";
			outputFileListPaths = (
				"${PODS_ROOT}/Target Support Files/Pods-FoodApp-FoodAppUITests/Pods-FoodApp-FoodAppUITests-frameworks-${CONFIGURATION}-output-files.xcfilelist",
			);
			runOnlyForDeploymentPostprocessing = 0;
			shellPath = /bin/sh;
			shellScript = "\"${PODS_ROOT}/Target Support Files/Pods-FoodApp-FoodAppUITests/Pods-FoodApp-FoodAppUITests-frameworks.sh\"\n";
			showEnvVarsInLog = 0;
		};
/* End PBXShellScriptBuildPhase section */

/* Begin PBXSourcesBuildPhase section */
		068BDCC026D2A848003DE847 /* Sources */ = {
			isa = PBXSourcesBuildPhase;
			buildActionMask = 2147483647;
			files = (
				068BDCCA26D2A848003DE847 /* ContentView.swift in Sources */,
				06A46DCB26D329E200167407 /* HomeViewModel.swift in Sources */,
				06A46DCD26D329F000167407 /* Home.swift in Sources */,
				062EAC1F26D62FE700A4E92E /* Items.swift in Sources */,
				062EAC2126D6A21600A4E92E /* ItemView.swift in Sources */,
				068BDCC826D2A848003DE847 /* FoodAppApp.swift in Sources */,
				06D5354A26D4A20200CB5F0C /* Menu.swift in Sources */,
			);
			runOnlyForDeploymentPostprocessing = 0;
		};
		068BDCD126D2A84A003DE847 /* Sources */ = {
			isa = PBXSourcesBuildPhase;
			buildActionMask = 2147483647;
			files = (
				068BDCDA26D2A84A003DE847 /* FoodAppTests.swift in Sources */,
			);
			runOnlyForDeploymentPostprocessing = 0;
		};
		068BDCDC26D2A84A003DE847 /* Sources */ = {
			isa = PBXSourcesBuildPhase;
			buildActionMask = 2147483647;
			files = (
				068BDCE526D2A84A003DE847 /* FoodAppUITests.swift in Sources */,
			);
			runOnlyForDeploymentPostprocessing = 0;
		};
/* End PBXSourcesBuildPhase section */

/* Begin PBXTargetDependency section */
		068BDCD726D2A84A003DE847 /* PBXTargetDependency */ = {
			isa = PBXTargetDependency;
			target = 068BDCC326D2A848003DE847 /* FoodApp */;
			targetProxy = 068BDCD626D2A84A003DE847 /* PBXContainerItemProxy */;
		};
		068BDCE226D2A84A003DE847 /* PBXTargetDependency */ = {
			isa = PBXTargetDependency;
			target = 068BDCC326D2A848003DE847 /* FoodApp */;
			targetProxy = 068BDCE126D2A84A003DE847 /* PBXContainerItemProxy */;
		};
/* End PBXTargetDependency section */

/* Begin XCBuildConfiguration section */
		068BDCE726D2A84A003DE847 /* Debug */ = {
			isa = XCBuildConfiguration;
			buildSettings = {
				ALWAYS_SEARCH_USER_PATHS = NO;
				CLANG_ANALYZER_NONNULL = YES;
				CLANG_ANALYZER_NUMBER_OBJECT_CONVERSION = YES_AGGRESSIVE;
				CLANG_CXX_LANGUAGE_STANDARD = "gnu++14";
				CLANG_CXX_LIBRARY = "libc++";
				CLANG_ENABLE_MODULES = YES;
				CLANG_ENABLE_OBJC_ARC = YES;
				CLANG_ENABLE_OBJC_WEAK = YES;
				CLANG_WARN_BLOCK_CAPTURE_AUTORELEASING = YES;
				CLANG_WARN_BOOL_CONVERSION = YES;
				CLANG_WARN_COMMA = YES;
				CLANG_WARN_CONSTANT_CONVERSION = YES;
				CLANG_WARN_DEPRECATED_OBJC_IMPLEMENTATIONS = YES;
				CLANG_WARN_DIRECT_OBJC_ISA_USAGE = YES_ERROR;
				CLANG_WARN_DOCUMENTATION_COMMENTS = YES;
				CLANG_WARN_EMPTY_BODY = YES;
				CLANG_WARN_ENUM_CONVERSION = YES;
				CLANG_WARN_INFINITE_RECURSION = YES;
				CLANG_WARN_INT_CONVERSION = YES;
				CLANG_WARN_NON_LITERAL_NULL_CONVERSION = YES;
				CLANG_WARN_OBJC_IMPLICIT_RETAIN_SELF = YES;
				CLANG_WARN_OBJC_LITERAL_CONVERSION = YES;
				CLANG_WARN_OBJC_ROOT_CLASS = YES_ERROR;
				CLANG_WARN_QUOTED_INCLUDE_IN_FRAMEWORK_HEADER = YES;
				CLANG_WARN_RANGE_LOOP_ANALYSIS = YES;
				CLANG_WARN_STRICT_PROTOTYPES = YES;
				CLANG_WARN_SUSPICIOUS_MOVE = YES;
				CLANG_WARN_UNGUARDED_AVAILABILITY = YES_AGGRESSIVE;
				CLANG_WARN_UNREACHABLE_CODE = YES;
				CLANG_WARN__DUPLICATE_METHOD_MATCH = YES;
				COPY_PHASE_STRIP = NO;
				DEBUG_INFORMATION_FORMAT = dwarf;
				ENABLE_STRICT_OBJC_MSGSEND = YES;
				ENABLE_TESTABILITY = YES;
				GCC_C_LANGUAGE_STANDARD = gnu11;
				GCC_DYNAMIC_NO_PIC = NO;
				GCC_NO_COMMON_BLOCKS = YES;
				GCC_OPTIMIZATION_LEVEL = 0;
				GCC_PREPROCESSOR_DEFINITIONS = (
					"DEBUG=1",
					"$(inherited)",
				);
				GCC_WARN_64_TO_32_BIT_CONVERSION = YES;
				GCC_WARN_ABOUT_RETURN_TYPE = YES_ERROR;
				GCC_WARN_UNDECLARED_SELECTOR = YES;
				GCC_WARN_UNINITIALIZED_AUTOS = YES_AGGRESSIVE;
				GCC_WARN_UNUSED_FUNCTION = YES;
				GCC_WARN_UNUSED_VARIABLE = YES;
				IPHONEOS_DEPLOYMENT_TARGET = 14.5;
				MTL_ENABLE_DEBUG_INFO = INCLUDE_SOURCE;
				MTL_FAST_MATH = YES;
				ONLY_ACTIVE_ARCH = YES;
				SDKROOT = iphoneos;
				SWIFT_ACTIVE_COMPILATION_CONDITIONS = DEBUG;
				SWIFT_OPTIMIZATION_LEVEL = "-Onone";
			};
			name = Debug;
		};
		068BDCE826D2A84A003DE847 /* Release */ = {
			isa = XCBuildConfiguration;
			buildSettings = {
				ALWAYS_SEARCH_USER_PATHS = NO;
				CLANG_ANALYZER_NONNULL = YES;
				CLANG_ANALYZER_NUMBER_OBJECT_CONVERSION = YES_AGGRESSIVE;
				CLANG_CXX_LANGUAGE_STANDARD = "gnu++14";
				CLANG_CXX_LIBRARY = "libc++";
				CLANG_ENABLE_MODULES = YES;
				CLANG_ENABLE_OBJC_ARC = YES;
				CLANG_ENABLE_OBJC_WEAK = YES;
				CLANG_WARN_BLOCK_CAPTURE_AUTORELEASING = YES;
				CLANG_WARN_BOOL_CONVERSION = YES;
				CLANG_WARN_COMMA = YES;
				CLANG_WARN_CONSTANT_CONVERSION = YES;
				CLANG_WARN_DEPRECATED_OBJC_IMPLEMENTATIONS = YES;
				CLANG_WARN_DIRECT_OBJC_ISA_USAGE = YES_ERROR;
				CLANG_WARN_DOCUMENTATION_COMMENTS = YES;
				CLANG_WARN_EMPTY_BODY = YES;
				CLANG_WARN_ENUM_CONVERSION = YES;
				CLANG_WARN_INFINITE_RECURSION = YES;
				CLANG_WARN_INT_CONVERSION = YES;
				CLANG_WARN_NON_LITERAL_NULL_CONVERSION = YES;
				CLANG_WARN_OBJC_IMPLICIT_RETAIN_SELF = YES;
				CLANG_WARN_OBJC_LITERAL_CONVERSION = YES;
				CLANG_WARN_OBJC_ROOT_CLASS = YES_ERROR;
				CLANG_WARN_QUOTED_INCLUDE_IN_FRAMEWORK_HEADER = YES;
				CLANG_WARN_RANGE_LOOP_ANALYSIS = YES;
				CLANG_WARN_STRICT_PROTOTYPES = YES;
				CLANG_WARN_SUSPICIOUS_MOVE = YES;
				CLANG_WARN_UNGUARDED_AVAILABILITY = YES_AGGRESSIVE;
				CLANG_WARN_UNREACHABLE_CODE = YES;
				CLANG_WARN__DUPLICATE_METHOD_MATCH = YES;
				COPY_PHASE_STRIP = NO;
				DEBUG_INFORMATION_FORMAT = "dwarf-with-dsym";
				ENABLE_NS_ASSERTIONS = NO;
				ENABLE_STRICT_OBJC_MSGSEND = YES;
				GCC_C_LANGUAGE_STANDARD = gnu11;
				GCC_NO_COMMON_BLOCKS = YES;
				GCC_WARN_64_TO_32_BIT_CONVERSION = YES;
				GCC_WARN_ABOUT_RETURN_TYPE = YES_ERROR;
				GCC_WARN_UNDECLARED_SELECTOR = YES;
				GCC_WARN_UNINITIALIZED_AUTOS = YES_AGGRESSIVE;
				GCC_WARN_UNUSED_FUNCTION = YES;
				GCC_WARN_UNUSED_VARIABLE = YES;
				IPHONEOS_DEPLOYMENT_TARGET = 14.5;
				MTL_ENABLE_DEBUG_INFO = NO;
				MTL_FAST_MATH = YES;
				SDKROOT = iphoneos;
				SWIFT_COMPILATION_MODE = wholemodule;
				SWIFT_OPTIMIZATION_LEVEL = "-O";
				VALIDATE_PRODUCT = YES;
			};
			name = Release;
		};
		068BDCEA26D2A84A003DE847 /* Debug */ = {
			isa = XCBuildConfiguration;
			baseConfigurationReference = 8E91CE1654F916E1C4273776 /* Pods-FoodApp.debug.xcconfig */;
			buildSettings = {
				ASSETCATALOG_COMPILER_APPICON_NAME = AppIcon;
				ASSETCATALOG_COMPILER_GLOBAL_ACCENT_COLOR_NAME = AccentColor;
				CODE_SIGN_STYLE = Automatic;
				DEVELOPMENT_ASSET_PATHS = "\"FoodApp/Preview Content\"";
				DEVELOPMENT_TEAM = 84ZVHZY7F4;
				ENABLE_PREVIEWS = YES;
				GCC_OPTIMIZATION_LEVEL = 0;
				INFOPLIST_FILE = FoodApp/Info.plist;
				IPHONEOS_DEPLOYMENT_TARGET = 14.0;
				LD_RUNPATH_SEARCH_PATHS = (
					"$(inherited)",
					"@executable_path/Frameworks",
				);
				PRODUCT_BUNDLE_IDENTIFIER = com.QuangBao.FoodApp;
				PRODUCT_NAME = "$(TARGET_NAME)";
				SWIFT_VERSION = 5.0;
				TARGETED_DEVICE_FAMILY = "1,2";
			};
			name = Debug;
		};
		068BDCEB26D2A84A003DE847 /* Release */ = {
			isa = XCBuildConfiguration;
			baseConfigurationReference = 236BDF5DCE3F8D618B1828BA /* Pods-FoodApp.release.xcconfig */;
			buildSettings = {
				ASSETCATALOG_COMPILER_APPICON_NAME = AppIcon;
				ASSETCATALOG_COMPILER_GLOBAL_ACCENT_COLOR_NAME = AccentColor;
				CODE_SIGN_STYLE = Automatic;
				DEVELOPMENT_ASSET_PATHS = "\"FoodApp/Preview Content\"";
				DEVELOPMENT_TEAM = 84ZVHZY7F4;
				ENABLE_PREVIEWS = YES;
				GCC_OPTIMIZATION_LEVEL = 0;
				INFOPLIST_FILE = FoodApp/Info.plist;
				IPHONEOS_DEPLOYMENT_TARGET = 14.0;
				LD_RUNPATH_SEARCH_PATHS = (
					"$(inherited)",
					"@executable_path/Frameworks",
				);
				PRODUCT_BUNDLE_IDENTIFIER = com.QuangBao.FoodApp;
				PRODUCT_NAME = "$(TARGET_NAME)";
				SWIFT_VERSION = 5.0;
				TARGETED_DEVICE_FAMILY = "1,2";
			};
			name = Release;
		};
		068BDCED26D2A84A003DE847 /* Debug */ = {
			isa = XCBuildConfiguration;
			baseConfigurationReference = B4F417DCEA810F9A6669299C /* Pods-FoodAppTests.debug.xcconfig */;
			buildSettings = {
				ALWAYS_EMBED_SWIFT_STANDARD_LIBRARIES = YES;
				BUNDLE_LOADER = "$(TEST_HOST)";
				CODE_SIGN_STYLE = Automatic;
				DEVELOPMENT_TEAM = 84ZVHZY7F4;
				INFOPLIST_FILE = FoodAppTests/Info.plist;
				IPHONEOS_DEPLOYMENT_TARGET = 14.0;
				LD_RUNPATH_SEARCH_PATHS = (
					"$(inherited)",
					"@executable_path/Frameworks",
					"@loader_path/Frameworks",
				);
				PRODUCT_BUNDLE_IDENTIFIER = com.QuangBao.FoodAppTests;
				PRODUCT_NAME = "$(TARGET_NAME)";
				SWIFT_VERSION = 5.0;
				TARGETED_DEVICE_FAMILY = "1,2";
				TEST_HOST = "$(BUILT_PRODUCTS_DIR)/FoodApp.app/FoodApp";
			};
			name = Debug;
		};
		068BDCEE26D2A84A003DE847 /* Release */ = {
			isa = XCBuildConfiguration;
			baseConfigurationReference = F50073E44A726C72B16EE96B /* Pods-FoodAppTests.release.xcconfig */;
			buildSettings = {
				ALWAYS_EMBED_SWIFT_STANDARD_LIBRARIES = YES;
				BUNDLE_LOADER = "$(TEST_HOST)";
				CODE_SIGN_STYLE = Automatic;
				DEVELOPMENT_TEAM = 84ZVHZY7F4;
				INFOPLIST_FILE = FoodAppTests/Info.plist;
				IPHONEOS_DEPLOYMENT_TARGET = 14.0;
				LD_RUNPATH_SEARCH_PATHS = (
					"$(inherited)",
					"@executable_path/Frameworks",
					"@loader_path/Frameworks",
				);
				PRODUCT_BUNDLE_IDENTIFIER = com.QuangBao.FoodAppTests;
				PRODUCT_NAME = "$(TARGET_NAME)";
				SWIFT_VERSION = 5.0;
				TARGETED_DEVICE_FAMILY = "1,2";
				TEST_HOST = "$(BUILT_PRODUCTS_DIR)/FoodApp.app/FoodApp";
			};
			name = Release;
		};
		068BDCF026D2A84A003DE847 /* Debug */ = {
			isa = XCBuildConfiguration;
			baseConfigurationReference = 162ECDD3C4D9563DEAA91493 /* Pods-FoodApp-FoodAppUITests.debug.xcconfig */;
			buildSettings = {
				ALWAYS_EMBED_SWIFT_STANDARD_LIBRARIES = YES;
				CODE_SIGN_STYLE = Automatic;
				DEVELOPMENT_TEAM = 84ZVHZY7F4;
				INFOPLIST_FILE = FoodAppUITests/Info.plist;
				LD_RUNPATH_SEARCH_PATHS = (
					"$(inherited)",
					"@executable_path/Frameworks",
					"@loader_path/Frameworks",
				);
				PRODUCT_BUNDLE_IDENTIFIER = com.QuangBao.FoodAppUITests;
				PRODUCT_NAME = "$(TARGET_NAME)";
				SWIFT_VERSION = 5.0;
				TARGETED_DEVICE_FAMILY = "1,2";
				TEST_TARGET_NAME = FoodApp;
			};
			name = Debug;
		};
		068BDCF126D2A84A003DE847 /* Release */ = {
			isa = XCBuildConfiguration;
			baseConfigurationReference = 4CF04F2E8931DCFE679A6498 /* Pods-FoodApp-FoodAppUITests.release.xcconfig */;
			buildSettings = {
				ALWAYS_EMBED_SWIFT_STANDARD_LIBRARIES = YES;
				CODE_SIGN_STYLE = Automatic;
				DEVELOPMENT_TEAM = 84ZVHZY7F4;
				INFOPLIST_FILE = FoodAppUITests/Info.plist;
				LD_RUNPATH_SEARCH_PATHS = (
					"$(inherited)",
					"@executable_path/Frameworks",
					"@loader_path/Frameworks",
				);
				PRODUCT_BUNDLE_IDENTIFIER = com.QuangBao.FoodAppUITests;
				PRODUCT_NAME = "$(TARGET_NAME)";
				SWIFT_VERSION = 5.0;
				TARGETED_DEVICE_FAMILY = "1,2";
				TEST_TARGET_NAME = FoodApp;
			};
			name = Release;
		};
/* End XCBuildConfiguration section */

/* Begin XCConfigurationList section */
		068BDCBF26D2A848003DE847 /* Build configuration list for PBXProject "FoodApp" */ = {
			isa = XCConfigurationList;
			buildConfigurations = (
				068BDCE726D2A84A003DE847 /* Debug */,
				068BDCE826D2A84A003DE847 /* Release */,
			);
			defaultConfigurationIsVisible = 0;
			defaultConfigurationName = Release;
		};
		068BDCE926D2A84A003DE847 /* Build configuration list for PBXNativeTarget "FoodApp" */ = {
			isa = XCConfigurationList;
			buildConfigurations = (
				068BDCEA26D2A84A003DE847 /* Debug */,
				068BDCEB26D2A84A003DE847 /* Release */,
			);
			defaultConfigurationIsVisible = 0;
			defaultConfigurationName = Release;
		};
		068BDCEC26D2A84A003DE847 /* Build configuration list for PBXNativeTarget "FoodAppTests" */ = {
			isa = XCConfigurationList;
			buildConfigurations = (
				068BDCED26D2A84A003DE847 /* Debug */,
				068BDCEE26D2A84A003DE847 /* Release */,
			);
			defaultConfigurationIsVisible = 0;
			defaultConfigurationName = Release;
		};
		068BDCEF26D2A84A003DE847 /* Build configuration list for PBXNativeTarget "FoodAppUITests" */ = {
			isa = XCConfigurationList;
			buildConfigurations = (
				068BDCF026D2A84A003DE847 /* Debug */,
				068BDCF126D2A84A003DE847 /* Release */,
			);
			defaultConfigurationIsVisible = 0;
			defaultConfigurationName = Release;
		};
/* End XCConfigurationList section */

/* Begin XCRemoteSwiftPackageReference section */
		06B9E6B426D8783800F406BF /* XCRemoteSwiftPackageReference "SDWebImageSwiftUI" */ = {
			isa = XCRemoteSwiftPackageReference;
			repositoryURL = "https://github.com/SDWebImage/SDWebImageSwiftUI.git";
			requirement = {
				kind = upToNextMajorVersion;
				minimumVersion = 2.0.0;
			};
		};
/* End XCRemoteSwiftPackageReference section */

/* Begin XCSwiftPackageProductDependency section */
		06B9E6B526D8783800F406BF /* SDWebImageSwiftUI */ = {
			isa = XCSwiftPackageProductDependency;
			package = 06B9E6B426D8783800F406BF /* XCRemoteSwiftPackageReference "SDWebImageSwiftUI" */;
			productName = SDWebImageSwiftUI;
		};
/* End XCSwiftPackageProductDependency section */
	};
	rootObject = 068BDCBC26D2A848003DE847 /* Project object */;
}
